// !$*UTF8*$!
{
	archiveVersion = 1;
	classes = {
	};
	objectVersion = 56;
	objects = {

/* Begin PBXBuildFile section */
		04A730622BB686AA00A62B50 /* AppDelegate.swift in Sources */ = {isa = PBXBuildFile; fileRef = 04A730612BB686AA00A62B50 /* AppDelegate.swift */; };
		04A730642BB686AA00A62B50 /* SceneDelegate.swift in Sources */ = {isa = PBXBuildFile; fileRef = 04A730632BB686AA00A62B50 /* SceneDelegate.swift */; };
		04A730662BB686AA00A62B50 /* ViewController.swift in Sources */ = {isa = PBXBuildFile; fileRef = 04A730652BB686AA00A62B50 /* ViewController.swift */; };
		04A730692BB686AA00A62B50 /* Base in Resources */ = {isa = PBXBuildFile; fileRef = 04A730682BB686AA00A62B50 /* Base */; };
		04A7306B2BB686AC00A62B50 /* Assets.xcassets in Resources */ = {isa = PBXBuildFile; fileRef = 04A7306A2BB686AC00A62B50 /* Assets.xcassets */; };
		04A7306E2BB686AC00A62B50 /* Base in Resources */ = {isa = PBXBuildFile; fileRef = 04A7306D2BB686AC00A62B50 /* Base */; };
		04A730792BB686AC00A62B50 /* class_4Tests.swift in Sources */ = {isa = PBXBuildFile; fileRef = 04A730782BB686AC00A62B50 /* class_4Tests.swift */; };
		04A730832BB686AC00A62B50 /* class_4UITests.swift in Sources */ = {isa = PBXBuildFile; fileRef = 04A730822BB686AC00A62B50 /* class_4UITests.swift */; };
		04A730852BB686AC00A62B50 /* class_4UITestsLaunchTests.swift in Sources */ = {isa = PBXBuildFile; fileRef = 04A730842BB686AC00A62B50 /* class_4UITestsLaunchTests.swift */; };
/* End PBXBuildFile section */

/* Begin PBXContainerItemProxy section */
		04A730752BB686AC00A62B50 /* PBXContainerItemProxy */ = {
			isa = PBXContainerItemProxy;
			containerPortal = 04A730562BB686A900A62B50 /* Project object */;
			proxyType = 1;
			remoteGlobalIDString = 04A7305D2BB686A900A62B50;
			remoteInfo = "class 4";
		};
		04A7307F2BB686AC00A62B50 /* PBXContainerItemProxy */ = {
			isa = PBXContainerItemProxy;
			containerPortal = 04A730562BB686A900A62B50 /* Project object */;
			proxyType = 1;
			remoteGlobalIDString = 04A7305D2BB686A900A62B50;
			remoteInfo = "class 4";
		};
/* End PBXContainerItemProxy section */

/* Begin PBXFileReference section */
		04A7305E2BB686AA00A62B50 /* class 4.app */ = {isa = PBXFileReference; explicitFileType = wrapper.application; includeInIndex = 0; path = "class 4.app"; sourceTree = BUILT_PRODUCTS_DIR; };
		04A730612BB686AA00A62B50 /* AppDelegate.swift */ = {isa = PBXFileReference; lastKnownFileType = sourcecode.swift; path = AppDelegate.swift; sourceTree = "<group>"; };
		04A730632BB686AA00A62B50 /* SceneDelegate.swift */ = {isa = PBXFileReference; lastKnownFileType = sourcecode.swift; path = SceneDelegate.swift; sourceTree = "<group>"; };
		04A730652BB686AA00A62B50 /* ViewController.swift */ = {isa = PBXFileReference; lastKnownFileType = sourcecode.swift; path = ViewController.swift; sourceTree = "<group>"; };
		04A730682BB686AA00A62B50 /* Base */ = {isa = PBXFileReference; lastKnownFileType = file.storyboard; name = Base; path = Base.lproj/Main.storyboard; sourceTree = "<group>"; };
		04A7306A2BB686AC00A62B50 /* Assets.xcassets */ = {isa = PBXFileReference; lastKnownFileType = folder.assetcatalog; path = Assets.xcassets; sourceTree = "<group>"; };
		04A7306D2BB686AC00A62B50 /* Base */ = {isa = PBXFileReference; lastKnownFileType = file.storyboard; name = Base; path = Base.lproj/LaunchScreen.storyboard; sourceTree = "<group>"; };
		04A7306F2BB686AC00A62B50 /* Info.plist */ = {isa = PBXFileReference; lastKnownFileType = text.plist.xml; path = Info.plist; sourceTree = "<group>"; };
		04A730742BB686AC00A62B50 /* class 4Tests.xctest */ = {isa = PBXFileReference; explicitFileType = wrapper.cfbundle; includeInIndex = 0; path = "class 4Tests.xctest"; sourceTree = BUILT_PRODUCTS_DIR; };
		04A730782BB686AC00A62B50 /* class_4Tests.swift */ = {isa = PBXFileReference; lastKnownFileType = sourcecode.swift; path = class_4Tests.swift; sourceTree = "<group>"; };
		04A7307E2BB686AC00A62B50 /* class 4UITests.xctest */ = {isa = PBXFileReference; explicitFileType = wrapper.cfbundle; includeInIndex = 0; path = "class 4UITests.xctest"; sourceTree = BUILT_PRODUCTS_DIR; };
		04A730822BB686AC00A62B50 /* class_4UITests.swift */ = {isa = PBXFileReference; lastKnownFileType = sourcecode.swift; path = class_4UITests.swift; sourceTree = "<group>"; };
		04A730842BB686AC00A62B50 /* class_4UITestsLaunchTests.swift */ = {isa = PBXFileReference; lastKnownFileType = sourcecode.swift; path = class_4UITestsLaunchTests.swift; sourceTree = "<group>"; };
/* End PBXFileReference section */

/* Begin PBXFrameworksBuildPhase section */
		04A7305B2BB686A900A62B50 /* Frameworks */ = {
			isa = PBXFrameworksBuildPhase;
			buildActionMask = 2147483647;
			files = (
			);
			runOnlyForDeploymentPostprocessing = 0;
		};
		04A730712BB686AC00A62B50 /* Frameworks */ = {
			isa = PBXFrameworksBuildPhase;
			buildActionMask = 2147483647;
			files = (
			);
			runOnlyForDeploymentPostprocessing = 0;
		};
		04A7307B2BB686AC00A62B50 /* Frameworks */ = {
			isa = PBXFrameworksBuildPhase;
			buildActionMask = 2147483647;
			files = (
			);
			runOnlyForDeploymentPostprocessing = 0;
		};
/* End PBXFrameworksBuildPhase section */

/* Begin PBXGroup section */
		04A730552BB686A900A62B50 = {
			isa = PBXGroup;
			children = (
				04A730602BB686AA00A62B50 /* class 4 */,
				04A730772BB686AC00A62B50 /* class 4Tests */,
				04A730812BB686AC00A62B50 /* class 4UITests */,
				04A7305F2BB686AA00A62B50 /* Products */,
			);
			sourceTree = "<group>";
		};
		04A7305F2BB686AA00A62B50 /* Products */ = {
			isa = PBXGroup;
			children = (
				04A7305E2BB686AA00A62B50 /* class 4.app */,
				04A730742BB686AC00A62B50 /* class 4Tests.xctest */,
				04A7307E2BB686AC00A62B50 /* class 4UITests.xctest */,
			);
			name = Products;
			sourceTree = "<group>";
		};
		04A730602BB686AA00A62B50 /* class 4 */ = {
			isa = PBXGroup;
			children = (
				04A730612BB686AA00A62B50 /* AppDelegate.swift */,
				04A730632BB686AA00A62B50 /* SceneDelegate.swift */,
				04A730652BB686AA00A62B50 /* ViewController.swift */,
				04A730672BB686AA00A62B50 /* Main.storyboard */,
				04A7306A2BB686AC00A62B50 /* Assets.xcassets */,
				04A7306C2BB686AC00A62B50 /* LaunchScreen.storyboard */,
				04A7306F2BB686AC00A62B50 /* Info.plist */,
			);
			path = "class 4";
			sourceTree = "<group>";
		};
		04A730772BB686AC00A62B50 /* class 4Tests */ = {
			isa = PBXGroup;
			children = (
				04A730782BB686AC00A62B50 /* class_4Tests.swift */,
			);
			path = "class 4Tests";
			sourceTree = "<group>";
		};
		04A730812BB686AC00A62B50 /* class 4UITests */ = {
			isa = PBXGroup;
			children = (
				04A730822BB686AC00A62B50 /* class_4UITests.swift */,
				04A730842BB686AC00A62B50 /* class_4UITestsLaunchTests.swift */,
			);
			path = "class 4UITests";
			sourceTree = "<group>";
		};
/* End PBXGroup section */

/* Begin PBXNativeTarget section */
		04A7305D2BB686A900A62B50 /* class 4 */ = {
			isa = PBXNativeTarget;
			buildConfigurationList = 04A730882BB686AC00A62B50 /* Build configuration list for PBXNativeTarget "class 4" */;
			buildPhases = (
				04A7305A2BB686A900A62B50 /* Sources */,
				04A7305B2BB686A900A62B50 /* Frameworks */,
				04A7305C2BB686A900A62B50 /* Resources */,
			);
			buildRules = (
			);
			dependencies = (
			);
			name = "class 4";
			productName = "class 4";
			productReference = 04A7305E2BB686AA00A62B50 /* class 4.app */;
			productType = "com.apple.product-type.application";
		};
		04A730732BB686AC00A62B50 /* class 4Tests */ = {
			isa = PBXNativeTarget;
			buildConfigurationList = 04A7308B2BB686AC00A62B50 /* Build configuration list for PBXNativeTarget "class 4Tests" */;
			buildPhases = (
				04A730702BB686AC00A62B50 /* Sources */,
				04A730712BB686AC00A62B50 /* Frameworks */,
				04A730722BB686AC00A62B50 /* Resources */,
			);
			buildRules = (
			);
			dependencies = (
				04A730762BB686AC00A62B50 /* PBXTargetDependency */,
			);
			name = "class 4Tests";
			productName = "class 4Tests";
			productReference = 04A730742BB686AC00A62B50 /* class 4Tests.xctest */;
			productType = "com.apple.product-type.bundle.unit-test";
		};
		04A7307D2BB686AC00A62B50 /* class 4UITests */ = {
			isa = PBXNativeTarget;
			buildConfigurationList = 04A7308E2BB686AC00A62B50 /* Build configuration list for PBXNativeTarget "class 4UITests" */;
			buildPhases = (
				04A7307A2BB686AC00A62B50 /* Sources */,
				04A7307B2BB686AC00A62B50 /* Frameworks */,
				04A7307C2BB686AC00A62B50 /* Resources */,
			);
			buildRules = (
			);
			dependencies = (
				04A730802BB686AC00A62B50 /* PBXTargetDependency */,
			);
			name = "class 4UITests";
			productName = "class 4UITests";
			productReference = 04A7307E2BB686AC00A62B50 /* class 4UITests.xctest */;
			productType = "com.apple.product-type.bundle.ui-testing";
		};
/* End PBXNativeTarget section */

/* Begin PBXProject section */
		04A730562BB686A900A62B50 /* Project object */ = {
			isa = PBXProject;
			attributes = {
				BuildIndependentTargetsInParallel = 1;
				LastSwiftUpdateCheck = 1530;
				LastUpgradeCheck = 1530;
				TargetAttributes = {
					04A7305D2BB686A900A62B50 = {
						CreatedOnToolsVersion = 15.3;
					};
					04A730732BB686AC00A62B50 = {
						CreatedOnToolsVersion = 15.3;
						TestTargetID = 04A7305D2BB686A900A62B50;
					};
					04A7307D2BB686AC00A62B50 = {
						CreatedOnToolsVersion = 15.3;
						TestTargetID = 04A7305D2BB686A900A62B50;
					};
				};
			};
			buildConfigurationList = 04A730592BB686A900A62B50 /* Build configuration list for PBXProject "class 4" */;
			compatibilityVersion = "Xcode 14.0";
			developmentRegion = en;
			hasScannedForEncodings = 0;
			knownRegions = (
				en,
				Base,
			);
			mainGroup = 04A730552BB686A900A62B50;
			productRefGroup = 04A7305F2BB686AA00A62B50 /* Products */;
			projectDirPath = "";
			projectRoot = "";
			targets = (
				04A7305D2BB686A900A62B50 /* class 4 */,
				04A730732BB686AC00A62B50 /* class 4Tests */,
				04A7307D2BB686AC00A62B50 /* class 4UITests */,
			);
		};
/* End PBXProject section */

/* Begin PBXResourcesBuildPhase section */
		04A7305C2BB686A900A62B50 /* Resources */ = {
			isa = PBXResourcesBuildPhase;
			buildActionMask = 2147483647;
			files = (
				04A7306B2BB686AC00A62B50 /* Assets.xcassets in Resources */,
				04A7306E2BB686AC00A62B50 /* Base in Resources */,
				04A730692BB686AA00A62B50 /* Base in Resources */,
			);
			runOnlyForDeploymentPostprocessing = 0;
		};
		04A730722BB686AC00A62B50 /* Resources */ = {
			isa = PBXResourcesBuildPhase;
			buildActionMask = 2147483647;
			files = (
			);
			runOnlyForDeploymentPostprocessing = 0;
		};
		04A7307C2BB686AC00A62B50 /* Resources */ = {
			isa = PBXResourcesBuildPhase;
			buildActionMask = 2147483647;
			files = (
			);
			runOnlyForDeploymentPostprocessing = 0;
		};
/* End PBXResourcesBuildPhase section */

/* Begin PBXSourcesBuildPhase section */
		04A7305A2BB686A900A62B50 /* Sources */ = {
			isa = PBXSourcesBuildPhase;
			buildActionMask = 2147483647;
			files = (
				04A730662BB686AA00A62B50 /* ViewController.swift in Sources */,
				04A730622BB686AA00A62B50 /* AppDelegate.swift in Sources */,
				04A730642BB686AA00A62B50 /* SceneDelegate.swift in Sources */,
			);
			runOnlyForDeploymentPostprocessing = 0;
		};
		04A730702BB686AC00A62B50 /* Sources */ = {
			isa = PBXSourcesBuildPhase;
			buildActionMask = 2147483647;
			files = (
				04A730792BB686AC00A62B50 /* class_4Tests.swift in Sources */,
			);
			runOnlyForDeploymentPostprocessing = 0;
		};
		04A7307A2BB686AC00A62B50 /* Sources */ = {
			isa = PBXSourcesBuildPhase;
			buildActionMask = 2147483647;
			files = (
				04A730852BB686AC00A62B50 /* class_4UITestsLaunchTests.swift in Sources */,
				04A730832BB686AC00A62B50 /* class_4UITests.swift in Sources */,
			);
			runOnlyForDeploymentPostprocessing = 0;
		};
/* End PBXSourcesBuildPhase section */

/* Begin PBXTargetDependency section */
		04A730762BB686AC00A62B50 /* PBXTargetDependency */ = {
			isa = PBXTargetDependency;
			target = 04A7305D2BB686A900A62B50 /* class 4 */;
			targetProxy = 04A730752BB686AC00A62B50 /* PBXContainerItemProxy */;
		};
		04A730802BB686AC00A62B50 /* PBXTargetDependency */ = {
			isa = PBXTargetDependency;
			target = 04A7305D2BB686A900A62B50 /* class 4 */;
			targetProxy = 04A7307F2BB686AC00A62B50 /* PBXContainerItemProxy */;
		};
/* End PBXTargetDependency section */

/* Begin PBXVariantGroup section */
		04A730672BB686AA00A62B50 /* Main.storyboard */ = {
			isa = PBXVariantGroup;
			children = (
				04A730682BB686AA00A62B50 /* Base */,
			);
			name = Main.storyboard;
			sourceTree = "<group>";
		};
		04A7306C2BB686AC00A62B50 /* LaunchScreen.storyboard */ = {
			isa = PBXVariantGroup;
			children = (
				04A7306D2BB686AC00A62B50 /* Base */,
			);
			name = LaunchScreen.storyboard;
			sourceTree = "<group>";
		};
/* End PBXVariantGroup section */

/* Begin XCBuildConfiguration section */
		04A730862BB686AC00A62B50 /* Debug */ = {
			isa = XCBuildConfiguration;
			buildSettings = {
				ALWAYS_SEARCH_USER_PATHS = NO;
				ASSETCATALOG_COMPILER_GENERATE_SWIFT_ASSET_SYMBOL_EXTENSIONS = YES;
				CLANG_ANALYZER_NONNULL = YES;
				CLANG_ANALYZER_NUMBER_OBJECT_CONVERSION = YES_AGGRESSIVE;
				CLANG_CXX_LANGUAGE_STANDARD = "gnu++20";
				CLANG_ENABLE_MODULES = YES;
				CLANG_ENABLE_OBJC_ARC = YES;
				CLANG_ENABLE_OBJC_WEAK = YES;
				CLANG_WARN_BLOCK_CAPTURE_AUTORELEASING = YES;
				CLANG_WARN_BOOL_CONVERSION = YES;
				CLANG_WARN_COMMA = YES;
				CLANG_WARN_CONSTANT_CONVERSION = YES;
				CLANG_WARN_DEPRECATED_OBJC_IMPLEMENTATIONS = YES;
				CLANG_WARN_DIRECT_OBJC_ISA_USAGE = YES_ERROR;
				CLANG_WARN_DOCUMENTATION_COMMENTS = YES;
				CLANG_WARN_EMPTY_BODY = YES;
				CLANG_WARN_ENUM_CONVERSION = YES;
				CLANG_WARN_INFINITE_RECURSION = YES;
				CLANG_WARN_INT_CONVERSION = YES;
				CLANG_WARN_NON_LITERAL_NULL_CONVERSION = YES;
				CLANG_WARN_OBJC_IMPLICIT_RETAIN_SELF = YES;
				CLANG_WARN_OBJC_LITERAL_CONVERSION = YES;
				CLANG_WARN_OBJC_ROOT_CLASS = YES_ERROR;
				CLANG_WARN_QUOTED_INCLUDE_IN_FRAMEWORK_HEADER = YES;
				CLANG_WARN_RANGE_LOOP_ANALYSIS = YES;
				CLANG_WARN_STRICT_PROTOTYPES = YES;
				CLANG_WARN_SUSPICIOUS_MOVE = YES;
				CLANG_WARN_UNGUARDED_AVAILABILITY = YES_AGGRESSIVE;
				CLANG_WARN_UNREACHABLE_CODE = YES;
				CLANG_WARN__DUPLICATE_METHOD_MATCH = YES;
				COPY_PHASE_STRIP = NO;
				DEBUG_INFORMATION_FORMAT = dwarf;
				ENABLE_STRICT_OBJC_MSGSEND = YES;
				ENABLE_TESTABILITY = YES;
				ENABLE_USER_SCRIPT_SANDBOXING = YES;
				GCC_C_LANGUAGE_STANDARD = gnu17;
				GCC_DYNAMIC_NO_PIC = NO;
				GCC_NO_COMMON_BLOCKS = YES;
				GCC_OPTIMIZATION_LEVEL = 0;
				GCC_PREPROCESSOR_DEFINITIONS = (
					"DEBUG=1",
					"$(inherited)",
				);
				GCC_WARN_64_TO_32_BIT_CONVERSION = YES;
				GCC_WARN_ABOUT_RETURN_TYPE = YES_ERROR;
				GCC_WARN_UNDECLARED_SELECTOR = YES;
				GCC_WARN_UNINITIALIZED_AUTOS = YES_AGGRESSIVE;
				GCC_WARN_UNUSED_FUNCTION = YES;
				GCC_WARN_UNUSED_VARIABLE = YES;
				IPHONEOS_DEPLOYMENT_TARGET = 17.4;
				LOCALIZATION_PREFERS_STRING_CATALOGS = YES;
				MTL_ENABLE_DEBUG_INFO = INCLUDE_SOURCE;
				MTL_FAST_MATH = YES;
				ONLY_ACTIVE_ARCH = YES;
				SDKROOT = iphoneos;
				SWIFT_ACTIVE_COMPILATION_CONDITIONS = "DEBUG $(inherited)";
				SWIFT_OPTIMIZATION_LEVEL = "-Onone";
			};
			name = Debug;
		};
		04A730872BB686AC00A62B50 /* Release */ = {
			isa = XCBuildConfiguration;
			buildSettings = {
				ALWAYS_SEARCH_USER_PATHS = NO;
				ASSETCATALOG_COMPILER_GENERATE_SWIFT_ASSET_SYMBOL_EXTENSIONS = YES;
				CLANG_ANALYZER_NONNULL = YES;
				CLANG_ANALYZER_NUMBER_OBJECT_CONVERSION = YES_AGGRESSIVE;
				CLANG_CXX_LANGUAGE_STANDARD = "gnu++20";
				CLANG_ENABLE_MODULES = YES;
				CLANG_ENABLE_OBJC_ARC = YES;
				CLANG_ENABLE_OBJC_WEAK = YES;
				CLANG_WARN_BLOCK_CAPTURE_AUTORELEASING = YES;
				CLANG_WARN_BOOL_CONVERSION = YES;
				CLANG_WARN_COMMA = YES;
				CLANG_WARN_CONSTANT_CONVERSION = YES;
				CLANG_WARN_DEPRECATED_OBJC_IMPLEMENTATIONS = YES;
				CLANG_WARN_DIRECT_OBJC_ISA_USAGE = YES_ERROR;
				CLANG_WARN_DOCUMENTATION_COMMENTS = YES;
				CLANG_WARN_EMPTY_BODY = YES;
				CLANG_WARN_ENUM_CONVERSION = YES;
				CLANG_WARN_INFINITE_RECURSION = YES;
				CLANG_WARN_INT_CONVERSION = YES;
				CLANG_WARN_NON_LITERAL_NULL_CONVERSION = YES;
				CLANG_WARN_OBJC_IMPLICIT_RETAIN_SELF = YES;
				CLANG_WARN_OBJC_LITERAL_CONVERSION = YES;
				CLANG_WARN_OBJC_ROOT_CLASS = YES_ERROR;
				CLANG_WARN_QUOTED_INCLUDE_IN_FRAMEWORK_HEADER = YES;
				CLANG_WARN_RANGE_LOOP_ANALYSIS = YES;
				CLANG_WARN_STRICT_PROTOTYPES = YES;
				CLANG_WARN_SUSPICIOUS_MOVE = YES;
				CLANG_WARN_UNGUARDED_AVAILABILITY = YES_AGGRESSIVE;
				CLANG_WARN_UNREACHABLE_CODE = YES;
				CLANG_WARN__DUPLICATE_METHOD_MATCH = YES;
				COPY_PHASE_STRIP = NO;
				DEBUG_INFORMATION_FORMAT = "dwarf-with-dsym";
				ENABLE_NS_ASSERTIONS = NO;
				ENABLE_STRICT_OBJC_MSGSEND = YES;
				ENABLE_USER_SCRIPT_SANDBOXING = YES;
				GCC_C_LANGUAGE_STANDARD = gnu17;
				GCC_NO_COMMON_BLOCKS = YES;
				GCC_WARN_64_TO_32_BIT_CONVERSION = YES;
				GCC_WARN_ABOUT_RETURN_TYPE = YES_ERROR;
				GCC_WARN_UNDECLARED_SELECTOR = YES;
				GCC_WARN_UNINITIALIZED_AUTOS = YES_AGGRESSIVE;
				GCC_WARN_UNUSED_FUNCTION = YES;
				GCC_WARN_UNUSED_VARIABLE = YES;
				IPHONEOS_DEPLOYMENT_TARGET = 17.4;
				LOCALIZATION_PREFERS_STRING_CATALOGS = YES;
				MTL_ENABLE_DEBUG_INFO = NO;
				MTL_FAST_MATH = YES;
				SDKROOT = iphoneos;
				SWIFT_COMPILATION_MODE = wholemodule;
				VALIDATE_PRODUCT = YES;
			};
			name = Release;
		};
		04A730892BB686AC00A62B50 /* Debug */ = {
			isa = XCBuildConfiguration;
			buildSettings = {
				ASSETCATALOG_COMPILER_APPICON_NAME = AppIcon;
				ASSETCATALOG_COMPILER_GLOBAL_ACCENT_COLOR_NAME = AccentColor;
				CODE_SIGN_STYLE = Automatic;
				CURRENT_PROJECT_VERSION = 1;
				GENERATE_INFOPLIST_FILE = YES;
				INFOPLIST_FILE = "class 4/Info.plist";
				INFOPLIST_KEY_UIApplicationSupportsIndirectInputEvents = YES;
				INFOPLIST_KEY_UILaunchStoryboardName = LaunchScreen;
				INFOPLIST_KEY_UIMainStoryboardFile = Main;
				INFOPLIST_KEY_UISupportedInterfaceOrientations_iPad = "UIInterfaceOrientationPortrait UIInterfaceOrientationPortraitUpsideDown UIInterfaceOrientationLandscapeLeft UIInterfaceOrientationLandscapeRight";
				INFOPLIST_KEY_UISupportedInterfaceOrientations_iPhone = "UIInterfaceOrientationPortrait UIInterfaceOrientationLandscapeLeft UIInterfaceOrientationLandscapeRight";
				LD_RUNPATH_SEARCH_PATHS = (
					"$(inherited)",
					"@executable_path/Frameworks",
				);
				MARKETING_VERSION = 1.0;
				PRODUCT_BUNDLE_IDENTIFIER = "game.com.class-4";
				PRODUCT_NAME = "$(TARGET_NAME)";
				SWIFT_EMIT_LOC_STRINGS = YES;
				SWIFT_VERSION = 5.0;
				TARGETED_DEVICE_FAMILY = "1,2";
			};
			name = Debug;
		};
		04A7308A2BB686AC00A62B50 /* Release */ = {
			isa = XCBuildConfiguration;
			buildSettings = {
				ASSETCATALOG_COMPILER_APPICON_NAME = AppIcon;
				ASSETCATALOG_COMPILER_GLOBAL_ACCENT_COLOR_NAME = AccentColor;
				CODE_SIGN_STYLE = Automatic;
				CURRENT_PROJECT_VERSION = 1;
				GENERATE_INFOPLIST_FILE = YES;
				INFOPLIST_FILE = "class 4/Info.plist";
				INFOPLIST_KEY_UIApplicationSupportsIndirectInputEvents = YES;
				INFOPLIST_KEY_UILaunchStoryboardName = LaunchScreen;
				INFOPLIST_KEY_UIMainStoryboardFile = Main;
				INFOPLIST_KEY_UISupportedInterfaceOrientations_iPad = "UIInterfaceOrientationPortrait UIInterfaceOrientationPortraitUpsideDown UIInterfaceOrientationLandscapeLeft UIInterfaceOrientationLandscapeRight";
				INFOPLIST_KEY_UISupportedInterfaceOrientations_iPhone = "UIInterfaceOrientationPortrait UIInterfaceOrientationLandscapeLeft UIInterfaceOrientationLandscapeRight";
				LD_RUNPATH_SEARCH_PATHS = (
					"$(inherited)",
					"@executable_path/Frameworks",
				);
				MARKETING_VERSION = 1.0;
				PRODUCT_BUNDLE_IDENTIFIER = "game.com.class-4";
				PRODUCT_NAME = "$(TARGET_NAME)";
				SWIFT_EMIT_LOC_STRINGS = YES;
				SWIFT_VERSION = 5.0;
				TARGETED_DEVICE_FAMILY = "1,2";
			};
			name = Release;
		};
		04A7308C2BB686AC00A62B50 /* Debug */ = {
			isa = XCBuildConfiguration;
			buildSettings = {
				ALWAYS_EMBED_SWIFT_STANDARD_LIBRARIES = YES;
				BUNDLE_LOADER = "$(TEST_HOST)";
				CODE_SIGN_STYLE = Automatic;
				CURRENT_PROJECT_VERSION = 1;
				GENERATE_INFOPLIST_FILE = YES;
				IPHONEOS_DEPLOYMENT_TARGET = 17.4;
				MARKETING_VERSION = 1.0;
				PRODUCT_BUNDLE_IDENTIFIER = "game.com.class-4Tests";
				PRODUCT_NAME = "$(TARGET_NAME)";
				SWIFT_EMIT_LOC_STRINGS = NO;
				SWIFT_VERSION = 5.0;
				TARGETED_DEVICE_FAMILY = "1,2";
				TEST_HOST = "$(BUILT_PRODUCTS_DIR)/class 4.app/$(BUNDLE_EXECUTABLE_FOLDER_PATH)/class 4";
			};
			name = Debug;
		};
		04A7308D2BB686AC00A62B50 /* Release */ = {
			isa = XCBuildConfiguration;
			buildSettings = {
				ALWAYS_EMBED_SWIFT_STANDARD_LIBRARIES = YES;
				BUNDLE_LOADER = "$(TEST_HOST)";
				CODE_SIGN_STYLE = Automatic;
				CURRENT_PROJECT_VERSION = 1;
				GENERATE_INFOPLIST_FILE = YES;
				IPHONEOS_DEPLOYMENT_TARGET = 17.4;
				MARKETING_VERSION = 1.0;
				PRODUCT_BUNDLE_IDENTIFIER = "game.com.class-4Tests";
				PRODUCT_NAME = "$(TARGET_NAME)";
				SWIFT_EMIT_LOC_STRINGS = NO;
				SWIFT_VERSION = 5.0;
				TARGETED_DEVICE_FAMILY = "1,2";
				TEST_HOST = "$(BUILT_PRODUCTS_DIR)/class 4.app/$(BUNDLE_EXECUTABLE_FOLDER_PATH)/class 4";
			};
			name = Release;
		};
		04A7308F2BB686AC00A62B50 /* Debug */ = {
			isa = XCBuildConfiguration;
			buildSettings = {
				ALWAYS_EMBED_SWIFT_STANDARD_LIBRARIES = YES;
				CODE_SIGN_STYLE = Automatic;
				CURRENT_PROJECT_VERSION = 1;
				GENERATE_INFOPLIST_FILE = YES;
				MARKETING_VERSION = 1.0;
				PRODUCT_BUNDLE_IDENTIFIER = "game.com.class-4UITests";
				PRODUCT_NAME = "$(TARGET_NAME)";
				SWIFT_EMIT_LOC_STRINGS = NO;
				SWIFT_VERSION = 5.0;
				TARGETED_DEVICE_FAMILY = "1,2";
				TEST_TARGET_NAME = "class 4";
			};
			name = Debug;
		};
		04A730902BB686AC00A62B50 /* Release */ = {
			isa = XCBuildConfiguration;
			buildSettings = {
				ALWAYS_EMBED_SWIFT_STANDARD_LIBRARIES = YES;
				CODE_SIGN_STYLE = Automatic;
				CURRENT_PROJECT_VERSION = 1;
				GENERATE_INFOPLIST_FILE = YES;
				MARKETING_VERSION = 1.0;
				PRODUCT_BUNDLE_IDENTIFIER = "game.com.class-4UITests";
				PRODUCT_NAME = "$(TARGET_NAME)";
				SWIFT_EMIT_LOC_STRINGS = NO;
				SWIFT_VERSION = 5.0;
				TARGETED_DEVICE_FAMILY = "1,2";
				TEST_TARGET_NAME = "class 4";
			};
			name = Release;
		};
/* End XCBuildConfiguration section */

/* Begin XCConfigurationList section */
		04A730592BB686A900A62B50 /* Build configuration list for PBXProject "class 4" */ = {
			isa = XCConfigurationList;
			buildConfigurations = (
				04A730862BB686AC00A62B50 /* Debug */,
				04A730872BB686AC00A62B50 /* Release */,
			);
			defaultConfigurationIsVisible = 0;
			defaultConfigurationName = Release;
		};
		04A730882BB686AC00A62B50 /* Build configuration list for PBXNativeTarget "class 4" */ = {
			isa = XCConfigurationList;
			buildConfigurations = (
				04A730892BB686AC00A62B50 /* Debug */,
				04A7308A2BB686AC00A62B50 /* Release */,
			);
			defaultConfigurationIsVisible = 0;
			defaultConfigurationName = Release;
		};
		04A7308B2BB686AC00A62B50 /* Build configuration list for PBXNativeTarget "class 4Tests" */ = {
			isa = XCConfigurationList;
			buildConfigurations = (
				04A7308C2BB686AC00A62B50 /* Debug */,
				04A7308D2BB686AC00A62B50 /* Release */,
			);
			defaultConfigurationIsVisible = 0;
			defaultConfigurationName = Release;
		};
		04A7308E2BB686AC00A62B50 /* Build configuration list for PBXNativeTarget "class 4UITests" */ = {
			isa = XCConfigurationList;
			buildConfigurations = (
				04A7308F2BB686AC00A62B50 /* Debug */,
				04A730902BB686AC00A62B50 /* Release */,
			);
			defaultConfigurationIsVisible = 0;
			defaultConfigurationName = Release;
		};
/* End XCConfigurationList section */
	};
	rootObject = 04A730562BB686A900A62B50 /* Project object */;
}
